// !$*UTF8*$!
{
	archiveVersion = 1;
	classes = {
	};
	objectVersion = 50;
	objects = {

/* Begin PBXBuildFile section */
		219F63FE25D8A8270088CEFF /* AppDelegate.swift in Sources */ = {isa = PBXBuildFile; fileRef = 219F63FD25D8A8270088CEFF /* AppDelegate.swift */; };
		219F640025D8A8270088CEFF /* SceneDelegate.swift in Sources */ = {isa = PBXBuildFile; fileRef = 219F63FF25D8A8270088CEFF /* SceneDelegate.swift */; };
		219F640225D8A8270088CEFF /* ViewController.swift in Sources */ = {isa = PBXBuildFile; fileRef = 219F640125D8A8270088CEFF /* ViewController.swift */; };
		219F640525D8A8270088CEFF /* Main.storyboard in Resources */ = {isa = PBXBuildFile; fileRef = 219F640325D8A8270088CEFF /* Main.storyboard */; };
		219F640725D8A8270088CEFF /* Assets.xcassets in Resources */ = {isa = PBXBuildFile; fileRef = 219F640625D8A8270088CEFF /* Assets.xcassets */; };
		219F640A25D8A8270088CEFF /* LaunchScreen.storyboard in Resources */ = {isa = PBXBuildFile; fileRef = 219F640825D8A8270088CEFF /* LaunchScreen.storyboard */; };
		5FC8F88116AB9F2B51155296 /* Pods_ACPPodDemo.framework in Frameworks */ = {isa = PBXBuildFile; fileRef = 49F054BB998E892B1D81D5CF /* Pods_ACPPodDemo.framework */; };
/* End PBXBuildFile section */

/* Begin PBXFileReference section */
		219F63FA25D8A8270088CEFF /* ACPPodDemo.app */ = {isa = PBXFileReference; explicitFileType = wrapper.application; includeInIndex = 0; path = ACPPodDemo.app; sourceTree = BUILT_PRODUCTS_DIR; };
		219F63FD25D8A8270088CEFF /* AppDelegate.swift */ = {isa = PBXFileReference; lastKnownFileType = sourcecode.swift; path = AppDelegate.swift; sourceTree = "<group>"; };
		219F63FF25D8A8270088CEFF /* SceneDelegate.swift */ = {isa = PBXFileReference; lastKnownFileType = sourcecode.swift; path = SceneDelegate.swift; sourceTree = "<group>"; };
		219F640125D8A8270088CEFF /* ViewController.swift */ = {isa = PBXFileReference; lastKnownFileType = sourcecode.swift; path = ViewController.swift; sourceTree = "<group>"; };
		219F640425D8A8270088CEFF /* Base */ = {isa = PBXFileReference; lastKnownFileType = file.storyboard; name = Base; path = Base.lproj/Main.storyboard; sourceTree = "<group>"; };
		219F640625D8A8270088CEFF /* Assets.xcassets */ = {isa = PBXFileReference; lastKnownFileType = folder.assetcatalog; path = Assets.xcassets; sourceTree = "<group>"; };
		219F640925D8A8270088CEFF /* Base */ = {isa = PBXFileReference; lastKnownFileType = file.storyboard; name = Base; path = Base.lproj/LaunchScreen.storyboard; sourceTree = "<group>"; };
		219F640B25D8A8270088CEFF /* Info.plist */ = {isa = PBXFileReference; lastKnownFileType = text.plist.xml; path = Info.plist; sourceTree = "<group>"; };
		49F054BB998E892B1D81D5CF /* Pods_ACPPodDemo.framework */ = {isa = PBXFileReference; explicitFileType = wrapper.framework; includeInIndex = 0; path = Pods_ACPPodDemo.framework; sourceTree = BUILT_PRODUCTS_DIR; };
		A832FA4D44F5D8DE7D57D073 /* Pods-ACPPodDemo.debug.xcconfig */ = {isa = PBXFileReference; includeInIndex = 1; lastKnownFileType = text.xcconfig; name = "Pods-ACPPodDemo.debug.xcconfig"; path = "Target Support Files/Pods-ACPPodDemo/Pods-ACPPodDemo.debug.xcconfig"; sourceTree = "<group>"; };
		BC412D6D8340B547EEEC8FA4 /* Pods-ACPPodDemo.release.xcconfig */ = {isa = PBXFileReference; includeInIndex = 1; lastKnownFileType = text.xcconfig; name = "Pods-ACPPodDemo.release.xcconfig"; path = "Target Support Files/Pods-ACPPodDemo/Pods-ACPPodDemo.release.xcconfig"; sourceTree = "<group>"; };
/* End PBXFileReference section */

/* Begin PBXFrameworksBuildPhase section */
		219F63F725D8A8270088CEFF /* Frameworks */ = {
			isa = PBXFrameworksBuildPhase;
			buildActionMask = 2147483647;
			files = (
				5FC8F88116AB9F2B51155296 /* Pods_ACPPodDemo.framework in Frameworks */,
			);
			runOnlyForDeploymentPostprocessing = 0;
		};
/* End PBXFrameworksBuildPhase section */

/* Begin PBXGroup section */
		219F63F125D8A8270088CEFF = {
			isa = PBXGroup;
			children = (
				219F63FC25D8A8270088CEFF /* ACPPodDemo */,
				219F63FB25D8A8270088CEFF /* Products */,
				4832C52C8EA9AE01848D595F /* Pods */,
				CB048280B1594D7536B4DD42 /* Frameworks */,
			);
			sourceTree = "<group>";
		};
		219F63FB25D8A8270088CEFF /* Products */ = {
			isa = PBXGroup;
			children = (
				219F63FA25D8A8270088CEFF /* ACPPodDemo.app */,
			);
			name = Products;
			sourceTree = "<group>";
		};
		219F63FC25D8A8270088CEFF /* ACPPodDemo */ = {
			isa = PBXGroup;
			children = (
				219F63FD25D8A8270088CEFF /* AppDelegate.swift */,
				219F63FF25D8A8270088CEFF /* SceneDelegate.swift */,
				219F640125D8A8270088CEFF /* ViewController.swift */,
				219F640325D8A8270088CEFF /* Main.storyboard */,
				219F640625D8A8270088CEFF /* Assets.xcassets */,
				219F640825D8A8270088CEFF /* LaunchScreen.storyboard */,
				219F640B25D8A8270088CEFF /* Info.plist */,
			);
			path = ACPPodDemo;
			sourceTree = "<group>";
		};
		4832C52C8EA9AE01848D595F /* Pods */ = {
			isa = PBXGroup;
			children = (
				A832FA4D44F5D8DE7D57D073 /* Pods-ACPPodDemo.debug.xcconfig */,
				BC412D6D8340B547EEEC8FA4 /* Pods-ACPPodDemo.release.xcconfig */,
			);
			name = Pods;
			path = Pods;
			sourceTree = "<group>";
		};
		CB048280B1594D7536B4DD42 /* Frameworks */ = {
			isa = PBXGroup;
			children = (
				49F054BB998E892B1D81D5CF /* Pods_ACPPodDemo.framework */,
			);
			name = Frameworks;
			sourceTree = "<group>";
		};
/* End PBXGroup section */

/* Begin PBXNativeTarget section */
		219F63F925D8A8270088CEFF /* ACPPodDemo */ = {
			isa = PBXNativeTarget;
			buildConfigurationList = 219F640E25D8A8270088CEFF /* Build configuration list for PBXNativeTarget "ACPPodDemo" */;
			buildPhases = (
				06196F6576FD3FEBB3829D19 /* [CP] Check Pods Manifest.lock */,
				219F63F625D8A8270088CEFF /* Sources */,
				219F63F725D8A8270088CEFF /* Frameworks */,
				219F63F825D8A8270088CEFF /* Resources */,
			);
			buildRules = (
			);
			dependencies = (
			);
			name = ACPPodDemo;
			productName = ACPPodDemo;
			productReference = 219F63FA25D8A8270088CEFF /* ACPPodDemo.app */;
			productType = "com.apple.product-type.application";
		};
/* End PBXNativeTarget section */

/* Begin PBXProject section */
		219F63F225D8A8270088CEFF /* Project object */ = {
			isa = PBXProject;
			attributes = {
				LastSwiftUpdateCheck = 1200;
				LastUpgradeCheck = 1200;
				TargetAttributes = {
					219F63F925D8A8270088CEFF = {
						CreatedOnToolsVersion = 12.0;
					};
				};
			};
			buildConfigurationList = 219F63F525D8A8270088CEFF /* Build configuration list for PBXProject "ACPPodDemo" */;
			compatibilityVersion = "Xcode 9.3";
			developmentRegion = en;
			hasScannedForEncodings = 0;
			knownRegions = (
				en,
				Base,
			);
			mainGroup = 219F63F125D8A8270088CEFF;
			productRefGroup = 219F63FB25D8A8270088CEFF /* Products */;
			projectDirPath = "";
			projectRoot = "";
			targets = (
				219F63F925D8A8270088CEFF /* ACPPodDemo */,
			);
		};
/* End PBXProject section */

/* Begin PBXResourcesBuildPhase section */
		219F63F825D8A8270088CEFF /* Resources */ = {
			isa = PBXResourcesBuildPhase;
			buildActionMask = 2147483647;
			files = (
				219F640A25D8A8270088CEFF /* LaunchScreen.storyboard in Resources */,
				219F640725D8A8270088CEFF /* Assets.xcassets in Resources */,
				219F640525D8A8270088CEFF /* Main.storyboard in Resources */,
			);
			runOnlyForDeploymentPostprocessing = 0;
		};
/* End PBXResourcesBuildPhase section */

/* Begin PBXShellScriptBuildPhase section */
		06196F6576FD3FEBB3829D19 /* [CP] Check Pods Manifest.lock */ = {
			isa = PBXShellScriptBuildPhase;
			buildActionMask = 2147483647;
			files = (
			);
			inputFileListPaths = (
			);
			inputPaths = (
				"${PODS_PODFILE_DIR_PATH}/Podfile.lock",
				"${PODS_ROOT}/Manifest.lock",
			);
			name = "[CP] Check Pods Manifest.lock";
			outputFileListPaths = (
			);
			outputPaths = (
				"$(DERIVED_FILE_DIR)/Pods-ACPPodDemo-checkManifestLockResult.txt",
			);
			runOnlyForDeploymentPostprocessing = 0;
			shellPath = /bin/sh;
			shellScript = "diff \"${PODS_PODFILE_DIR_PATH}/Podfile.lock\" \"${PODS_ROOT}/Manifest.lock\" > /dev/null\nif [ $? != 0 ] ; then\n    # print error to STDERR\n    echo \"error: The sandbox is not in sync with the Podfile.lock. Run 'pod install' or update your CocoaPods installation.\" >&2\n    exit 1\nfi\n# This output is used by Xcode 'outputs' to avoid re-running this script phase.\necho \"SUCCESS\" > \"${SCRIPT_OUTPUT_FILE_0}\"\n";
			showEnvVarsInLog = 0;
		};
/* End PBXShellScriptBuildPhase section */

/* Begin PBXSourcesBuildPhase section */
		219F63F625D8A8270088CEFF /* Sources */ = {
			isa = PBXSourcesBuildPhase;
			buildActionMask = 2147483647;
			files = (
				219F640225D8A8270088CEFF /* ViewController.swift in Sources */,
				219F63FE25D8A8270088CEFF /* AppDelegate.swift in Sources */,
				219F640025D8A8270088CEFF /* SceneDelegate.swift in Sources */,
			);
			runOnlyForDeploymentPostprocessing = 0;
		};
/* End PBXSourcesBuildPhase section */

/* Begin PBXVariantGroup section */
		219F640325D8A8270088CEFF /* Main.storyboard */ = {
			isa = PBXVariantGroup;
			children = (
				219F640425D8A8270088CEFF /* Base */,
			);
			name = Main.storyboard;
			sourceTree = "<group>";
		};
		219F640825D8A8270088CEFF /* LaunchScreen.storyboard */ = {
			isa = PBXVariantGroup;
			children = (
				219F640925D8A8270088CEFF /* Base */,
			);
			name = LaunchScreen.storyboard;
			sourceTree = "<group>";
		};
/* End PBXVariantGroup section */

/* Begin XCBuildConfiguration section */
		219F640C25D8A8270088CEFF /* Debug */ = {
			isa = XCBuildConfiguration;
			buildSettings = {
				ALWAYS_SEARCH_USER_PATHS = NO;
				CLANG_ANALYZER_NONNULL = YES;
				CLANG_ANALYZER_NUMBER_OBJECT_CONVERSION = YES_AGGRESSIVE;
				CLANG_CXX_LANGUAGE_STANDARD = "gnu++14";
				CLANG_CXX_LIBRARY = "libc++";
				CLANG_ENABLE_MODULES = YES;
				CLANG_ENABLE_OBJC_ARC = YES;
				CLANG_ENABLE_OBJC_WEAK = YES;
				CLANG_WARN_BLOCK_CAPTURE_AUTORELEASING = YES;
				CLANG_WARN_BOOL_CONVERSION = YES;
				CLANG_WARN_COMMA = YES;
				CLANG_WARN_CONSTANT_CONVERSION = YES;
				CLANG_WARN_DEPRECATED_OBJC_IMPLEMENTATIONS = YES;
				CLANG_WARN_DIRECT_OBJC_ISA_USAGE = YES_ERROR;
				CLANG_WARN_DOCUMENTATION_COMMENTS = YES;
				CLANG_WARN_EMPTY_BODY = YES;
				CLANG_WARN_ENUM_CONVERSION = YES;
				CLANG_WARN_INFINITE_RECURSION = YES;
				CLANG_WARN_INT_CONVERSION = YES;
				CLANG_WARN_NON_LITERAL_NULL_CONVERSION = YES;
				CLANG_WARN_OBJC_IMPLICIT_RETAIN_SELF = YES;
				CLANG_WARN_OBJC_LITERAL_CONVERSION = YES;
				CLANG_WARN_OBJC_ROOT_CLASS = YES_ERROR;
				CLANG_WARN_QUOTED_INCLUDE_IN_FRAMEWORK_HEADER = YES;
				CLANG_WARN_RANGE_LOOP_ANALYSIS = YES;
				CLANG_WARN_STRICT_PROTOTYPES = YES;
				CLANG_WARN_SUSPICIOUS_MOVE = YES;
				CLANG_WARN_UNGUARDED_AVAILABILITY = YES_AGGRESSIVE;
				CLANG_WARN_UNREACHABLE_CODE = YES;
				CLANG_WARN__DUPLICATE_METHOD_MATCH = YES;
				COPY_PHASE_STRIP = NO;
				DEBUG_INFORMATION_FORMAT = dwarf;
				ENABLE_STRICT_OBJC_MSGSEND = YES;
				ENABLE_TESTABILITY = YES;
				GCC_C_LANGUAGE_STANDARD = gnu11;
				GCC_DYNAMIC_NO_PIC = NO;
				GCC_NO_COMMON_BLOCKS = YES;
				GCC_OPTIMIZATION_LEVEL = 0;
				GCC_PREPROCESSOR_DEFINITIONS = (
					"DEBUG=1",
					"$(inherited)",
				);
				GCC_WARN_64_TO_32_BIT_CONVERSION = YES;
				GCC_WARN_ABOUT_RETURN_TYPE = YES_ERROR;
				GCC_WARN_UNDECLARED_SELECTOR = YES;
				GCC_WARN_UNINITIALIZED_AUTOS = YES_AGGRESSIVE;
				GCC_WARN_UNUSED_FUNCTION = YES;
				GCC_WARN_UNUSED_VARIABLE = YES;
				IPHONEOS_DEPLOYMENT_TARGET = 14.0;
				MTL_ENABLE_DEBUG_INFO = INCLUDE_SOURCE;
				MTL_FAST_MATH = YES;
				ONLY_ACTIVE_ARCH = YES;
				SDKROOT = iphoneos;
				SWIFT_ACTIVE_COMPILATION_CONDITIONS = DEBUG;
				SWIFT_OPTIMIZATION_LEVEL = "-Onone";
			};
			name = Debug;
		};
		219F640D25D8A8270088CEFF /* Release */ = {
			isa = XCBuildConfiguration;
			buildSettings = {
				ALWAYS_SEARCH_USER_PATHS = NO;
				CLANG_ANALYZER_NONNULL = YES;
				CLANG_ANALYZER_NUMBER_OBJECT_CONVERSION = YES_AGGRESSIVE;
				CLANG_CXX_LANGUAGE_STANDARD = "gnu++14";
				CLANG_CXX_LIBRARY = "libc++";
				CLANG_ENABLE_MODULES = YES;
				CLANG_ENABLE_OBJC_ARC = YES;
				CLANG_ENABLE_OBJC_WEAK = YES;
				CLANG_WARN_BLOCK_CAPTURE_AUTORELEASING = YES;
				CLANG_WARN_BOOL_CONVERSION = YES;
				CLANG_WARN_COMMA = YES;
				CLANG_WARN_CONSTANT_CONVERSION = YES;
				CLANG_WARN_DEPRECATED_OBJC_IMPLEMENTATIONS = YES;
				CLANG_WARN_DIRECT_OBJC_ISA_USAGE = YES_ERROR;
				CLANG_WARN_DOCUMENTATION_COMMENTS = YES;
				CLANG_WARN_EMPTY_BODY = YES;
				CLANG_WARN_ENUM_CONVERSION = YES;
				CLANG_WARN_INFINITE_RECURSION = YES;
				CLANG_WARN_INT_CONVERSION = YES;
				CLANG_WARN_NON_LITERAL_NULL_CONVERSION = YES;
				CLANG_WARN_OBJC_IMPLICIT_RETAIN_SELF = YES;
				CLANG_WARN_OBJC_LITERAL_CONVERSION = YES;
				CLANG_WARN_OBJC_ROOT_CLASS = YES_ERROR;
				CLANG_WARN_QUOTED_INCLUDE_IN_FRAMEWORK_HEADER = YES;
				CLANG_WARN_RANGE_LOOP_ANALYSIS = YES;
				CLANG_WARN_STRICT_PROTOTYPES = YES;
				CLANG_WARN_SUSPICIOUS_MOVE = YES;
				CLANG_WARN_UNGUARDED_AVAILABILITY = YES_AGGRESSIVE;
				CLANG_WARN_UNREACHABLE_CODE = YES;
				CLANG_WARN__DUPLICATE_METHOD_MATCH = YES;
				COPY_PHASE_STRIP = NO;
				DEBUG_INFORMATION_FORMAT = "dwarf-with-dsym";
				ENABLE_NS_ASSERTIONS = NO;
				ENABLE_STRICT_OBJC_MSGSEND = YES;
				GCC_C_LANGUAGE_STANDARD = gnu11;
				GCC_NO_COMMON_BLOCKS = YES;
				GCC_WARN_64_TO_32_BIT_CONVERSION = YES;
				GCC_WARN_ABOUT_RETURN_TYPE = YES_ERROR;
				GCC_WARN_UNDECLARED_SELECTOR = YES;
				GCC_WARN_UNINITIALIZED_AUTOS = YES_AGGRESSIVE;
				GCC_WARN_UNUSED_FUNCTION = YES;
				GCC_WARN_UNUSED_VARIABLE = YES;
				IPHONEOS_DEPLOYMENT_TARGET = 14.0;
				MTL_ENABLE_DEBUG_INFO = NO;
				MTL_FAST_MATH = YES;
				SDKROOT = iphoneos;
				SWIFT_COMPILATION_MODE = wholemodule;
				SWIFT_OPTIMIZATION_LEVEL = "-O";
				VALIDATE_PRODUCT = YES;
			};
			name = Release;
		};
		219F640F25D8A8270088CEFF /* Debug */ = {
			isa = XCBuildConfiguration;
			baseConfigurationReference = A832FA4D44F5D8DE7D57D073 /* Pods-ACPPodDemo.debug.xcconfig */;
			buildSettings = {
				ASSETCATALOG_COMPILER_APPICON_NAME = AppIcon;
				ASSETCATALOG_COMPILER_GLOBAL_ACCENT_COLOR_NAME = AccentColor;
				CODE_SIGN_STYLE = Automatic;
				INFOPLIST_FILE = ACPPodDemo/Info.plist;
				LD_RUNPATH_SEARCH_PATHS = (
					"$(inherited)",
					"@executable_path/Frameworks",
				);
				PRODUCT_BUNDLE_IDENTIFIER = com.adobe.aep.consent.ACPPodDemo;
				PRODUCT_NAME = "$(TARGET_NAME)";
				SWIFT_VERSION = 5.0;
				TARGETED_DEVICE_FAMILY = "1,2";
			};
			name = Debug;
		};
		219F641025D8A8270088CEFF /* Release */ = {
			isa = XCBuildConfiguration;
			baseConfigurationReference = BC412D6D8340B547EEEC8FA4 /* Pods-ACPPodDemo.release.xcconfig */;
			buildSettings = {
				ASSETCATALOG_COMPILER_APPICON_NAME = AppIcon;
				ASSETCATALOG_COMPILER_GLOBAL_ACCENT_COLOR_NAME = AccentColor;
				CODE_SIGN_STYLE = Automatic;
				INFOPLIST_FILE = ACPPodDemo/Info.plist;
				LD_RUNPATH_SEARCH_PATHS = (
					"$(inherited)",
					"@executable_path/Frameworks",
				);
				PRODUCT_BUNDLE_IDENTIFIER = com.adobe.aep.consent.ACPPodDemo;
				PRODUCT_NAME = "$(TARGET_NAME)";
				SWIFT_VERSION = 5.0;
				TARGETED_DEVICE_FAMILY = "1,2";
			};
			name = Release;
		};
/* End XCBuildConfiguration section */

/* Begin XCConfigurationList section */
		219F63F525D8A8270088CEFF /* Build configuration list for PBXProject "ACPPodDemo" */ = {
			isa = XCConfigurationList;
			buildConfigurations = (
				219F640C25D8A8270088CEFF /* Debug */,
				219F640D25D8A8270088CEFF /* Release */,
			);
			defaultConfigurationIsVisible = 0;
			defaultConfigurationName = Release;
		};
		219F640E25D8A8270088CEFF /* Build configuration list for PBXNativeTarget "ACPPodDemo" */ = {
			isa = XCConfigurationList;
			buildConfigurations = (
				219F640F25D8A8270088CEFF /* Debug */,
				219F641025D8A8270088CEFF /* Release */,
			);
			defaultConfigurationIsVisible = 0;
			defaultConfigurationName = Release;
		};
/* End XCConfigurationList section */
	};
	rootObject = 219F63F225D8A8270088CEFF /* Project object */;
}
